{
  "name": "country-map",
  "version": "0.1.0",
  "lockfileVersion": 3,
  "requires": true,
  "packages": {
    "": {
      "name": "country-map",
      "version": "0.1.0",
      "dependencies": {
        "@apollo/client": "^3.7.14",
        "@types/leaflet": "^1.9.3",
        "@types/node": "20.2.5",
        "@types/react": "18.2.7",
        "@types/react-dom": "18.2.4",
        "coordinate_to_country": "^1.1.0",
        "graphql": "^16.6.0",
        "leaflet": "^1.9.4",
        "next": "13.4.4",
        "react": "18.2.0",
        "react-dom": "18.2.0",
        "react-leaflet": "^4.2.1",
        "typescript": "5.0.4"
      }
    },
    "node_modules/@apollo/client": {
      "version": "3.7.14",
      "resolved": "https://registry.npmjs.org/@apollo/client/-/client-3.7.14.tgz",
      "integrity": "sha512-BRvdkwq5PAXBkjXjboO12uksDm3nrZEqDi4xF97Fk3Mnaa0zDOEfJa7hoKTY9b9KA1EkeWv9BL3i7hSd4SfGBg==",
      "dependencies": {
        "@graphql-typed-document-node/core": "^3.1.1",
        "@wry/context": "^0.7.0",
        "@wry/equality": "^0.5.0",
        "@wry/trie": "^0.3.0",
        "graphql-tag": "^2.12.6",
        "hoist-non-react-statics": "^3.3.2",
        "optimism": "^0.16.2",
        "prop-types": "^15.7.2",
        "response-iterator": "^0.2.6",
        "symbol-observable": "^4.0.0",
        "ts-invariant": "^0.10.3",
        "tslib": "^2.3.0",
        "zen-observable-ts": "^1.2.5"
      },
      "peerDependencies": {
        "graphql": "^14.0.0 || ^15.0.0 || ^16.0.0",
        "graphql-ws": "^5.5.5",
        "react": "^16.8.0 || ^17.0.0 || ^18.0.0",
        "react-dom": "^16.8.0 || ^17.0.0 || ^18.0.0",
        "subscriptions-transport-ws": "^0.9.0 || ^0.11.0"
      },
      "peerDependenciesMeta": {
        "graphql-ws": {
          "optional": true
        },
        "react": {
          "optional": true
        },
        "react-dom": {
          "optional": true
        },
        "subscriptions-transport-ws": {
          "optional": true
        }
      }
    },
    "node_modules/@graphql-typed-document-node/core": {
      "version": "3.2.0",
      "resolved": "https://registry.npmjs.org/@graphql-typed-document-node/core/-/core-3.2.0.tgz",
      "integrity": "sha512-mB9oAsNCm9aM3/SOv4YtBMqZbYj10R7dkq8byBqxGY/ncFwhf2oQzMV+LCRlWoDSEBJ3COiR1yeDvMtsoOsuFQ==",
      "peerDependencies": {
        "graphql": "^0.8.0 || ^0.9.0 || ^0.10.0 || ^0.11.0 || ^0.12.0 || ^0.13.0 || ^14.0.0 || ^15.0.0 || ^16.0.0 || ^17.0.0"
      }
    },
    "node_modules/@next/env": {
      "version": "13.4.4",
      "resolved": "https://registry.npmjs.org/@next/env/-/env-13.4.4.tgz",
      "integrity": "sha512-q/y7VZj/9YpgzDe64Zi6rY1xPizx80JjlU2BTevlajtaE3w1LqweH1gGgxou2N7hdFosXHjGrI4OUvtFXXhGLg=="
    },
    "node_modules/@next/swc-darwin-arm64": {
      "version": "13.4.4",
      "resolved": "https://registry.npmjs.org/@next/swc-darwin-arm64/-/swc-darwin-arm64-13.4.4.tgz",
      "integrity": "sha512-xfjgXvp4KalNUKZMHmsFxr1Ug+aGmmO6NWP0uoh4G3WFqP/mJ1xxfww0gMOeMeSq/Jyr5k7DvoZ2Pv+XOITTtw==",
      "cpu": [
        "arm64"
      ],
      "optional": true,
      "os": [
        "darwin"
      ],
      "engines": {
        "node": ">= 10"
      }
    },
    "node_modules/@next/swc-darwin-x64": {
      "version": "13.4.4",
      "resolved": "https://registry.npmjs.org/@next/swc-darwin-x64/-/swc-darwin-x64-13.4.4.tgz",
      "integrity": "sha512-ZY9Ti1hkIwJsxGus3nlubIkvYyB0gNOYxKrfsOrLEqD0I2iCX8D7w8v6QQZ2H+dDl6UT29oeEUdDUNGk4UEpfg==",
      "cpu": [
        "x64"
      ],
      "optional": true,
      "os": [
        "darwin"
      ],
      "engines": {
        "node": ">= 10"
      }
    },
    "node_modules/@next/swc-linux-arm64-gnu": {
      "version": "13.4.4",
      "resolved": "https://registry.npmjs.org/@next/swc-linux-arm64-gnu/-/swc-linux-arm64-gnu-13.4.4.tgz",
      "integrity": "sha512-+KZnDeMShYkpkqAvGCEDeqYTRADJXc6SY1jWXz+Uo6qWQO/Jd9CoyhTJwRSxvQA16MoYzvILkGaDqirkRNctyA==",
      "cpu": [
        "arm64"
      ],
      "optional": true,
      "os": [
        "linux"
      ],
      "engines": {
        "node": ">= 10"
      }
    },
    "node_modules/@next/swc-linux-arm64-musl": {
      "version": "13.4.4",
      "resolved": "https://registry.npmjs.org/@next/swc-linux-arm64-musl/-/swc-linux-arm64-musl-13.4.4.tgz",
      "integrity": "sha512-evC1twrny2XDT4uOftoubZvW3EG0zs0ZxMwEtu/dDGVRO5n5pT48S8qqEIBGBUZYu/Xx4zzpOkIxx1vpWdE+9A==",
      "cpu": [
        "arm64"
      ],
      "optional": true,
      "os": [
        "linux"
      ],
      "engines": {
        "node": ">= 10"
      }
    },
    "node_modules/@next/swc-linux-x64-gnu": {
      "version": "13.4.4",
      "resolved": "https://registry.npmjs.org/@next/swc-linux-x64-gnu/-/swc-linux-x64-gnu-13.4.4.tgz",
      "integrity": "sha512-PX706XcCHr2FfkyhP2lpf+pX/tUvq6/ke7JYnnr0ykNdEMo+sb7cC/o91gnURh4sPYSiZJhsF2gbIqg9rciOHQ==",
      "cpu": [
        "x64"
      ],
      "optional": true,
      "os": [
        "linux"
      ],
      "engines": {
        "node": ">= 10"
      }
    },
    "node_modules/@next/swc-linux-x64-musl": {
      "version": "13.4.4",
      "resolved": "https://registry.npmjs.org/@next/swc-linux-x64-musl/-/swc-linux-x64-musl-13.4.4.tgz",
      "integrity": "sha512-TKUUx3Ftd95JlHV6XagEnqpT204Y+IsEa3awaYIjayn0MOGjgKZMZibqarK3B1FsMSPaieJf2FEAcu9z0yT5aA==",
      "cpu": [
        "x64"
      ],
      "optional": true,
      "os": [
        "linux"
      ],
      "engines": {
        "node": ">= 10"
      }
    },
    "node_modules/@next/swc-win32-arm64-msvc": {
      "version": "13.4.4",
      "resolved": "https://registry.npmjs.org/@next/swc-win32-arm64-msvc/-/swc-win32-arm64-msvc-13.4.4.tgz",
      "integrity": "sha512-FP8AadgSq4+HPtim7WBkCMGbhr5vh9FePXiWx9+YOdjwdQocwoCK5ZVC3OW8oh3TWth6iJ0AXJ/yQ1q1cwSZ3A==",
      "cpu": [
        "arm64"
      ],
      "optional": true,
      "os": [
        "win32"
      ],
      "engines": {
        "node": ">= 10"
      }
    },
    "node_modules/@next/swc-win32-ia32-msvc": {
      "version": "13.4.4",
      "resolved": "https://registry.npmjs.org/@next/swc-win32-ia32-msvc/-/swc-win32-ia32-msvc-13.4.4.tgz",
      "integrity": "sha512-3WekVmtuA2MCdcAOrgrI+PuFiFURtSyyrN1I3UPtS0ckR2HtLqyqmS334Eulf15g1/bdwMteePdK363X/Y9JMg==",
      "cpu": [
        "ia32"
      ],
      "optional": true,
      "os": [
        "win32"
      ],
      "engines": {
        "node": ">= 10"
      }
    },
    "node_modules/@next/swc-win32-x64-msvc": {
      "version": "13.4.4",
      "resolved": "https://registry.npmjs.org/@next/swc-win32-x64-msvc/-/swc-win32-x64-msvc-13.4.4.tgz",
      "integrity": "sha512-AHRITu/CrlQ+qzoqQtEMfaTu7GHaQ6bziQln/pVWpOYC1wU+Mq6VQQFlsDtMCnDztPZtppAXdvvbNS7pcfRzlw==",
      "cpu": [
        "x64"
      ],
      "optional": true,
      "os": [
        "win32"
      ],
      "engines": {
        "node": ">= 10"
      }
    },
    "node_modules/@osm_borders/maritime_10m": {
      "version": "1.1.0",
      "resolved": "https://registry.npmjs.org/@osm_borders/maritime_10m/-/maritime_10m-1.1.0.tgz",
      "integrity": "sha512-Mln0gqbYzjqNX7iGtEt3np16nfGwjwADTuUg7J5LQTqlqUBDxsWaxQmsKtkJCumvc/pl7QZu8lvEs41JMs+zbQ=="
    },
    "node_modules/@react-leaflet/core": {
      "version": "2.1.0",
      "resolved": "https://registry.npmjs.org/@react-leaflet/core/-/core-2.1.0.tgz",
      "integrity": "sha512-Qk7Pfu8BSarKGqILj4x7bCSZ1pjuAPZ+qmRwH5S7mDS91VSbVVsJSrW4qA+GPrro8t69gFYVMWb1Zc4yFmPiVg==",
      "peerDependencies": {
        "leaflet": "^1.9.0",
        "react": "^18.0.0",
        "react-dom": "^18.0.0"
      }
    },
    "node_modules/@swc/helpers": {
      "version": "0.5.1",
      "resolved": "https://registry.npmjs.org/@swc/helpers/-/helpers-0.5.1.tgz",
      "integrity": "sha512-sJ902EfIzn1Fa+qYmjdQqh8tPsoxyBz+8yBKC2HKUxyezKJFwPGOn7pv4WY6QuQW//ySQi5lJjA/ZT9sNWWNTg==",
      "dependencies": {
        "tslib": "^2.4.0"
      }
    },
    "node_modules/@turf/bbox": {
      "version": "6.5.0",
      "resolved": "https://registry.npmjs.org/@turf/bbox/-/bbox-6.5.0.tgz",
      "integrity": "sha512-RBbLaao5hXTYyyg577iuMtDB8ehxMlUqHEJiMs8jT1GHkFhr6sYre3lmLsPeYEi/ZKj5TP5tt7fkzNdJ4GIVyw==",
      "dependencies": {
        "@turf/helpers": "^6.5.0",
        "@turf/meta": "^6.5.0"
      },
      "funding": {
        "url": "https://opencollective.com/turf"
      }
    },
    "node_modules/@turf/boolean-contains": {
      "version": "6.5.0",
      "resolved": "https://registry.npmjs.org/@turf/boolean-contains/-/boolean-contains-6.5.0.tgz",
      "integrity": "sha512-4m8cJpbw+YQcKVGi8y0cHhBUnYT+QRfx6wzM4GI1IdtYH3p4oh/DOBJKrepQyiDzFDaNIjxuWXBh0ai1zVwOQQ==",
      "dependencies": {
        "@turf/bbox": "^6.5.0",
        "@turf/boolean-point-in-polygon": "^6.5.0",
        "@turf/boolean-point-on-line": "^6.5.0",
        "@turf/helpers": "^6.5.0",
        "@turf/invariant": "^6.5.0"
      },
      "funding": {
        "url": "https://opencollective.com/turf"
      }
    },
    "node_modules/@turf/boolean-point-in-polygon": {
      "version": "6.5.0",
      "resolved": "https://registry.npmjs.org/@turf/boolean-point-in-polygon/-/boolean-point-in-polygon-6.5.0.tgz",
      "integrity": "sha512-DtSuVFB26SI+hj0SjrvXowGTUCHlgevPAIsukssW6BG5MlNSBQAo70wpICBNJL6RjukXg8d2eXaAWuD/CqL00A==",
      "dependencies": {
        "@turf/helpers": "^6.5.0",
        "@turf/invariant": "^6.5.0"
      },
      "funding": {
        "url": "https://opencollective.com/turf"
      }
    },
    "node_modules/@turf/boolean-point-on-line": {
      "version": "6.5.0",
      "resolved": "https://registry.npmjs.org/@turf/boolean-point-on-line/-/boolean-point-on-line-6.5.0.tgz",
      "integrity": "sha512-A1BbuQ0LceLHvq7F/P7w3QvfpmZqbmViIUPHdNLvZimFNLo4e6IQunmzbe+8aSStH9QRZm3VOflyvNeXvvpZEQ==",
      "dependencies": {
        "@turf/helpers": "^6.5.0",
        "@turf/invariant": "^6.5.0"
      },
      "funding": {
        "url": "https://opencollective.com/turf"
      }
    },
    "node_modules/@turf/helpers": {
      "version": "6.5.0",
      "resolved": "https://registry.npmjs.org/@turf/helpers/-/helpers-6.5.0.tgz",
      "integrity": "sha512-VbI1dV5bLFzohYYdgqwikdMVpe7pJ9X3E+dlr425wa2/sMJqYDhTO++ec38/pcPvPE6oD9WEEeU3Xu3gza+VPw==",
      "funding": {
        "url": "https://opencollective.com/turf"
      }
    },
    "node_modules/@turf/invariant": {
      "version": "6.5.0",
      "resolved": "https://registry.npmjs.org/@turf/invariant/-/invariant-6.5.0.tgz",
      "integrity": "sha512-Wv8PRNCtPD31UVbdJE/KVAWKe7l6US+lJItRR/HOEW3eh+U/JwRCSUl/KZ7bmjM/C+zLNoreM2TU6OoLACs4eg==",
      "dependencies": {
        "@turf/helpers": "^6.5.0"
      },
      "funding": {
        "url": "https://opencollective.com/turf"
      }
    },
    "node_modules/@turf/meta": {
      "version": "6.5.0",
      "resolved": "https://registry.npmjs.org/@turf/meta/-/meta-6.5.0.tgz",
      "integrity": "sha512-RrArvtsV0vdsCBegoBtOalgdSOfkBrTJ07VkpiCnq/491W67hnMWmDu7e6Ztw0C3WldRYTXkg3SumfdzZxLBHA==",
      "dependencies": {
        "@turf/helpers": "^6.5.0"
      },
      "funding": {
        "url": "https://opencollective.com/turf"
      }
    },
    "node_modules/@types/geojson": {
      "version": "7946.0.10",
      "resolved": "https://registry.npmjs.org/@types/geojson/-/geojson-7946.0.10.tgz",
      "integrity": "sha512-Nmh0K3iWQJzniTuPRcJn5hxXkfB1T1pgB89SBig5PlJQU5yocazeu4jATJlaA0GYFKWMqDdvYemoSnF2pXgLVA=="
    },
    "node_modules/@types/leaflet": {
      "version": "1.9.3",
      "resolved": "https://registry.npmjs.org/@types/leaflet/-/leaflet-1.9.3.tgz",
      "integrity": "sha512-Caa1lYOgKVqDkDZVWkto2Z5JtVo09spEaUt2S69LiugbBpoqQu92HYFMGUbYezZbnBkyOxMNPXHSgRrRY5UyIA==",
      "dependencies": {
        "@types/geojson": "*"
      }
    },
    "node_modules/@types/node": {
      "version": "20.2.5",
      "resolved": "https://registry.npmjs.org/@types/node/-/node-20.2.5.tgz",
      "integrity": "sha512-JJulVEQXmiY9Px5axXHeYGLSjhkZEnD+MDPDGbCbIAbMslkKwmygtZFy1X6s/075Yo94sf8GuSlFfPzysQrWZQ=="
    },
    "node_modules/@types/prop-types": {
      "version": "15.7.5",
      "resolved": "https://registry.npmjs.org/@types/prop-types/-/prop-types-15.7.5.tgz",
      "integrity": "sha512-JCB8C6SnDoQf0cNycqd/35A7MjcnK+ZTqE7judS6o7utxUCg6imJg3QK2qzHKszlTjcj2cn+NwMB2i96ubpj7w=="
    },
    "node_modules/@types/react": {
      "version": "18.2.7",
      "resolved": "https://registry.npmjs.org/@types/react/-/react-18.2.7.tgz",
      "integrity": "sha512-ojrXpSH2XFCmHm7Jy3q44nXDyN54+EYKP2lBhJ2bqfyPj6cIUW/FZW/Csdia34NQgq7KYcAlHi5184m4X88+yw==",
      "dependencies": {
        "@types/prop-types": "*",
        "@types/scheduler": "*",
        "csstype": "^3.0.2"
      }
    },
    "node_modules/@types/react-dom": {
      "version": "18.2.4",
      "resolved": "https://registry.npmjs.org/@types/react-dom/-/react-dom-18.2.4.tgz",
      "integrity": "sha512-G2mHoTMTL4yoydITgOGwWdWMVd8sNgyEP85xVmMKAPUBwQWm9wBPQUmvbeF4V3WBY1P7mmL4BkjQ0SqUpf1snw==",
      "dependencies": {
        "@types/react": "*"
      }
    },
    "node_modules/@types/scheduler": {
      "version": "0.16.3",
      "resolved": "https://registry.npmjs.org/@types/scheduler/-/scheduler-0.16.3.tgz",
      "integrity": "sha512-5cJ8CB4yAx7BH1oMvdU0Jh9lrEXyPkar6F9G/ERswkCuvP4KQZfZkSjcMbAICCpQTN4OuZn8tz0HiKv9TGZgrQ=="
    },
    "node_modules/@wry/context": {
      "version": "0.7.3",
      "resolved": "https://registry.npmjs.org/@wry/context/-/context-0.7.3.tgz",
      "integrity": "sha512-Nl8WTesHp89RF803Se9X3IiHjdmLBrIvPMaJkl+rKVJAYyPsz1TEUbu89943HpvujtSJgDUx9W4vZw3K1Mr3sA==",
      "dependencies": {
        "tslib": "^2.3.0"
      },
      "engines": {
        "node": ">=8"
      }
    },
    "node_modules/@wry/equality": {
      "version": "0.5.6",
      "resolved": "https://registry.npmjs.org/@wry/equality/-/equality-0.5.6.tgz",
      "integrity": "sha512-D46sfMTngaYlrH+OspKf8mIJETntFnf6Hsjb0V41jAXJ7Bx2kB8Rv8RCUujuVWYttFtHkUNp7g+FwxNQAr6mXA==",
      "dependencies": {
        "tslib": "^2.3.0"
      },
      "engines": {
        "node": ">=8"
      }
    },
    "node_modules/@wry/trie": {
      "version": "0.3.2",
      "resolved": "https://registry.npmjs.org/@wry/trie/-/trie-0.3.2.tgz",
      "integrity": "sha512-yRTyhWSls2OY/pYLfwff867r8ekooZ4UI+/gxot5Wj8EFwSf2rG+n+Mo/6LoLQm1TKA4GRj2+LCpbfS937dClQ==",
      "dependencies": {
        "tslib": "^2.3.0"
      },
      "engines": {
        "node": ">=8"
      }
    },
    "node_modules/busboy": {
      "version": "1.6.0",
      "resolved": "https://registry.npmjs.org/busboy/-/busboy-1.6.0.tgz",
      "integrity": "sha512-8SFQbg/0hQ9xy3UNTB0YEnsNBbWfhf7RtnzpL7TkBiTBRfrQ9Fxcnz7VJsleJpyp6rVLvXiuORqjlHi5q+PYuA==",
      "dependencies": {
        "streamsearch": "^1.1.0"
      },
      "engines": {
        "node": ">=10.16.0"
      }
    },
    "node_modules/caniuse-lite": {
      "version": "1.0.30001489",
      "resolved": "https://registry.npmjs.org/caniuse-lite/-/caniuse-lite-1.0.30001489.tgz",
      "integrity": "sha512-x1mgZEXK8jHIfAxm+xgdpHpk50IN3z3q3zP261/WS+uvePxW8izXuCu6AHz0lkuYTlATDehiZ/tNyYBdSQsOUQ==",
      "funding": [
        {
          "type": "opencollective",
          "url": "https://opencollective.com/browserslist"
        },
        {
          "type": "tidelift",
          "url": "https://tidelift.com/funding/github/npm/caniuse-lite"
        },
        {
          "type": "github",
          "url": "https://github.com/sponsors/ai"
        }
      ]
    },
    "node_modules/client-only": {
      "version": "0.0.1",
      "resolved": "https://registry.npmjs.org/client-only/-/client-only-0.0.1.tgz",
      "integrity": "sha512-IV3Ou0jSMzZrd3pZ48nLkT9DA7Ag1pnPzaiQhpW7c3RbcqqzvzzVu+L8gfqMp/8IM2MQtSiqaCxrrcfu8I8rMA=="
    },
    "node_modules/coordinate_to_country": {
      "version": "1.1.0",
      "resolved": "https://registry.npmjs.org/coordinate_to_country/-/coordinate_to_country-1.1.0.tgz",
      "integrity": "sha512-kLMIFZpnZb1W7KcJnTehWBTOLZjVnx0udZaHj8b5nN5Qmoj+mYQrWEhNm8lBDZm+r12BEIaZFhmrHgWkD6IAXQ==",
      "dependencies": {
        "@osm_borders/maritime_10m": "^1.1.0",
        "geojson-geometries-lookup": "^0.5.0"
      }
    },
    "node_modules/csstype": {
      "version": "3.1.2",
      "resolved": "https://registry.npmjs.org/csstype/-/csstype-3.1.2.tgz",
      "integrity": "sha512-I7K1Uu0MBPzaFKg4nI5Q7Vs2t+3gWWW648spaF+Rg7pI9ds18Ugn+lvg4SHczUdKlHI5LWBXyqfS8+DufyBsgQ=="
    },
    "node_modules/geojson-geometries": {
      "version": "2.0.0",
      "resolved": "https://registry.npmjs.org/geojson-geometries/-/geojson-geometries-2.0.0.tgz",
      "integrity": "sha512-HKljxKnbJrdkr7ijg5/nvcr1b81HP+C/rS48cJwRb3xEqiEynlGkRVkQ/msopw+EE3gf7DjEKdZyEGMck0bOpw==",
      "engines": {
        "node": ">=10"
      }
    },
    "node_modules/geojson-geometries-lookup": {
      "version": "0.5.0",
      "resolved": "https://registry.npmjs.org/geojson-geometries-lookup/-/geojson-geometries-lookup-0.5.0.tgz",
      "integrity": "sha512-AfadxaBda6VTwwX4USLiVofFaz0HIjubC7ZC15hGTvc8K0di3pmCNWGFotKJeURSxYPbJLFoet34X3JrIKFX4A==",
      "dependencies": {
        "@turf/bbox": "^6.0.1",
        "@turf/boolean-contains": "^6.0.1",
        "geojson-geometries": "^2.0.0",
        "rbush": "^3.0.1"
      },
      "engines": {
        "node": ">=10"
      }
    },
    "node_modules/graphql": {
      "version": "16.6.0",
      "resolved": "https://registry.npmjs.org/graphql/-/graphql-16.6.0.tgz",
      "integrity": "sha512-KPIBPDlW7NxrbT/eh4qPXz5FiFdL5UbaA0XUNz2Rp3Z3hqBSkbj0GVjwFDztsWVauZUWsbKHgMg++sk8UX0bkw==",
      "engines": {
        "node": "^12.22.0 || ^14.16.0 || ^16.0.0 || >=17.0.0"
      }
    },
    "node_modules/graphql-tag": {
      "version": "2.12.6",
      "resolved": "https://registry.npmjs.org/graphql-tag/-/graphql-tag-2.12.6.tgz",
      "integrity": "sha512-FdSNcu2QQcWnM2VNvSCCDCVS5PpPqpzgFT8+GXzqJuoDd0CBncxCY278u4mhRO7tMgo2JjgJA5aZ+nWSQ/Z+xg==",
      "dependencies": {
        "tslib": "^2.1.0"
      },
      "engines": {
        "node": ">=10"
      },
      "peerDependencies": {
        "graphql": "^0.9.0 || ^0.10.0 || ^0.11.0 || ^0.12.0 || ^0.13.0 || ^14.0.0 || ^15.0.0 || ^16.0.0"
      }
    },
    "node_modules/hoist-non-react-statics": {
      "version": "3.3.2",
      "resolved": "https://registry.npmjs.org/hoist-non-react-statics/-/hoist-non-react-statics-3.3.2.tgz",
      "integrity": "sha512-/gGivxi8JPKWNm/W0jSmzcMPpfpPLc3dY/6GxhX2hQ9iGj3aDfklV4ET7NjKpSinLpJ5vafa9iiGIEZg10SfBw==",
      "dependencies": {
        "react-is": "^16.7.0"
      }
    },
    "node_modules/js-tokens": {
      "version": "4.0.0",
      "resolved": "https://registry.npmjs.org/js-tokens/-/js-tokens-4.0.0.tgz",
      "integrity": "sha512-RdJUflcE3cUzKiMqQgsCu06FPu9UdIJO0beYbPhHN4k6apgJtifcoCtT9bcxOpYBtpD2kCM6Sbzg4CausW/PKQ=="
    },
    "node_modules/leaflet": {
      "version": "1.9.4",
      "resolved": "https://registry.npmjs.org/leaflet/-/leaflet-1.9.4.tgz",
      "integrity": "sha512-nxS1ynzJOmOlHp+iL3FyWqK89GtNL8U8rvlMOsQdTTssxZwCXh8N2NB3GDQOL+YR3XnWyZAxwQixURb+FA74PA=="
    },
    "node_modules/loose-envify": {
      "version": "1.4.0",
      "resolved": "https://registry.npmjs.org/loose-envify/-/loose-envify-1.4.0.tgz",
      "integrity": "sha512-lyuxPGr/Wfhrlem2CL/UcnUc1zcqKAImBDzukY7Y5F/yQiNdko6+fRLevlw1HgMySw7f611UIY408EtxRSoK3Q==",
      "dependencies": {
        "js-tokens": "^3.0.0 || ^4.0.0"
      },
      "bin": {
        "loose-envify": "cli.js"
      }
    },
    "node_modules/nanoid": {
      "version": "3.3.6",
      "resolved": "https://registry.npmjs.org/nanoid/-/nanoid-3.3.6.tgz",
      "integrity": "sha512-BGcqMMJuToF7i1rt+2PWSNVnWIkGCU78jBG3RxO/bZlnZPK2Cmi2QaffxGO/2RvWi9sL+FAiRiXMgsyxQ1DIDA==",
      "funding": [
        {
          "type": "github",
          "url": "https://github.com/sponsors/ai"
        }
      ],
      "bin": {
        "nanoid": "bin/nanoid.cjs"
      },
      "engines": {
        "node": "^10 || ^12 || ^13.7 || ^14 || >=15.0.1"
      }
    },
    "node_modules/next": {
      "version": "13.4.4",
      "resolved": "https://registry.npmjs.org/next/-/next-13.4.4.tgz",
      "integrity": "sha512-C5S0ysM0Ily9McL4Jb48nOQHT1BukOWI59uC3X/xCMlYIh9rJZCv7nzG92J6e1cOBqQbKovlpgvHWFmz4eKKEA==",
      "dependencies": {
        "@next/env": "13.4.4",
        "@swc/helpers": "0.5.1",
        "busboy": "1.6.0",
        "caniuse-lite": "^1.0.30001406",
        "postcss": "8.4.14",
        "styled-jsx": "5.1.1",
        "zod": "3.21.4"
      },
      "bin": {
        "next": "dist/bin/next"
      },
      "engines": {
        "node": ">=16.8.0"
      },
      "optionalDependencies": {
        "@next/swc-darwin-arm64": "13.4.4",
        "@next/swc-darwin-x64": "13.4.4",
        "@next/swc-linux-arm64-gnu": "13.4.4",
        "@next/swc-linux-arm64-musl": "13.4.4",
        "@next/swc-linux-x64-gnu": "13.4.4",
        "@next/swc-linux-x64-musl": "13.4.4",
        "@next/swc-win32-arm64-msvc": "13.4.4",
        "@next/swc-win32-ia32-msvc": "13.4.4",
        "@next/swc-win32-x64-msvc": "13.4.4"
      },
      "peerDependencies": {
        "@opentelemetry/api": "^1.1.0",
        "fibers": ">= 3.1.0",
        "react": "^18.2.0",
        "react-dom": "^18.2.0",
        "sass": "^1.3.0"
      },
      "peerDependenciesMeta": {
        "@opentelemetry/api": {
          "optional": true
        },
        "fibers": {
          "optional": true
        },
        "sass": {
          "optional": true
        }
      }
    },
    "node_modules/object-assign": {
      "version": "4.1.1",
      "resolved": "https://registry.npmjs.org/object-assign/-/object-assign-4.1.1.tgz",
      "integrity": "sha512-rJgTQnkUnH1sFw8yT6VSU3zD3sWmu6sZhIseY8VX+GRu3P6F7Fu+JNDoXfklElbLJSnc3FUQHVe4cU5hj+BcUg==",
      "engines": {
        "node": ">=0.10.0"
      }
    },
    "node_modules/optimism": {
      "version": "0.16.2",
      "resolved": "https://registry.npmjs.org/optimism/-/optimism-0.16.2.tgz",
      "integrity": "sha512-zWNbgWj+3vLEjZNIh/okkY2EUfX+vB9TJopzIZwT1xxaMqC5hRLLraePod4c5n4He08xuXNH+zhKFFCu390wiQ==",
      "dependencies": {
        "@wry/context": "^0.7.0",
        "@wry/trie": "^0.3.0"
      }
    },
    "node_modules/picocolors": {
      "version": "1.0.0",
      "resolved": "https://registry.npmjs.org/picocolors/-/picocolors-1.0.0.tgz",
      "integrity": "sha512-1fygroTLlHu66zi26VoTDv8yRgm0Fccecssto+MhsZ0D/DGW2sm8E8AjW7NU5VVTRt5GxbeZ5qBuJr+HyLYkjQ=="
    },
    "node_modules/postcss": {
      "version": "8.4.14",
      "resolved": "https://registry.npmjs.org/postcss/-/postcss-8.4.14.tgz",
      "integrity": "sha512-E398TUmfAYFPBSdzgeieK2Y1+1cpdxJx8yXbK/m57nRhKSmk1GB2tO4lbLBtlkfPQTDKfe4Xqv1ASWPpayPEig==",
      "funding": [
        {
          "type": "opencollective",
          "url": "https://opencollective.com/postcss/"
        },
        {
          "type": "tidelift",
          "url": "https://tidelift.com/funding/github/npm/postcss"
        }
      ],
      "dependencies": {
        "nanoid": "^3.3.4",
        "picocolors": "^1.0.0",
        "source-map-js": "^1.0.2"
      },
      "engines": {
        "node": "^10 || ^12 || >=14"
      }
    },
    "node_modules/prop-types": {
      "version": "15.8.1",
      "resolved": "https://registry.npmjs.org/prop-types/-/prop-types-15.8.1.tgz",
      "integrity": "sha512-oj87CgZICdulUohogVAR7AjlC0327U4el4L6eAvOqCeudMDVU0NThNaV+b9Df4dXgSP1gXMTnPdhfe/2qDH5cg==",
      "dependencies": {
        "loose-envify": "^1.4.0",
        "object-assign": "^4.1.1",
        "react-is": "^16.13.1"
      }
    },
    "node_modules/quickselect": {
      "version": "2.0.0",
      "resolved": "https://registry.npmjs.org/quickselect/-/quickselect-2.0.0.tgz",
      "integrity": "sha512-RKJ22hX8mHe3Y6wH/N3wCM6BWtjaxIyyUIkpHOvfFnxdI4yD4tBXEBKSbriGujF6jnSVkJrffuo6vxACiSSxIw=="
    },
    "node_modules/rbush": {
      "version": "3.0.1",
      "resolved": "https://registry.npmjs.org/rbush/-/rbush-3.0.1.tgz",
      "integrity": "sha512-XRaVO0YecOpEuIvbhbpTrZgoiI6xBlz6hnlr6EHhd+0x9ase6EmeN+hdwwUaJvLcsFFQ8iWVF1GAK1yB0BWi0w==",
      "dependencies": {
        "quickselect": "^2.0.0"
      }
    },
    "node_modules/react": {
      "version": "18.2.0",
      "resolved": "https://registry.npmjs.org/react/-/react-18.2.0.tgz",
      "integrity": "sha512-/3IjMdb2L9QbBdWiW5e3P2/npwMBaU9mHCSCUzNln0ZCYbcfTsGbTJrU/kGemdH2IWmB2ioZ+zkxtmq6g09fGQ==",
      "dependencies": {
        "loose-envify": "^1.1.0"
      },
      "engines": {
        "node": ">=0.10.0"
      }
    },
    "node_modules/react-dom": {
      "version": "18.2.0",
      "resolved": "https://registry.npmjs.org/react-dom/-/react-dom-18.2.0.tgz",
      "integrity": "sha512-6IMTriUmvsjHUjNtEDudZfuDQUoWXVxKHhlEGSk81n4YFS+r/Kl99wXiwlVXtPBtJenozv2P+hxDsw9eA7Xo6g==",
      "dependencies": {
        "loose-envify": "^1.1.0",
        "scheduler": "^0.23.0"
      },
      "peerDependencies": {
        "react": "^18.2.0"
      }
    },
    "node_modules/react-is": {
      "version": "16.13.1",
      "resolved": "https://registry.npmjs.org/react-is/-/react-is-16.13.1.tgz",
      "integrity": "sha512-24e6ynE2H+OKt4kqsOvNd8kBpV65zoxbA4BVsEOB3ARVWQki/DHzaUoC5KuON/BiccDaCCTZBuOcfZs70kR8bQ=="
    },
    "node_modules/react-leaflet": {
      "version": "4.2.1",
      "resolved": "https://registry.npmjs.org/react-leaflet/-/react-leaflet-4.2.1.tgz",
      "integrity": "sha512-p9chkvhcKrWn/H/1FFeVSqLdReGwn2qmiobOQGO3BifX+/vV/39qhY8dGqbdcPh1e6jxh/QHriLXr7a4eLFK4Q==",
      "dependencies": {
        "@react-leaflet/core": "^2.1.0"
      },
      "peerDependencies": {
        "leaflet": "^1.9.0",
        "react": "^18.0.0",
        "react-dom": "^18.0.0"
      }
    },
    "node_modules/response-iterator": {
      "version": "0.2.6",
      "resolved": "https://registry.npmjs.org/response-iterator/-/response-iterator-0.2.6.tgz",
      "integrity": "sha512-pVzEEzrsg23Sh053rmDUvLSkGXluZio0qu8VT6ukrYuvtjVfCbDZH9d6PGXb8HZfzdNZt8feXv/jvUzlhRgLnw==",
      "engines": {
        "node": ">=0.8"
      }
    },
    "node_modules/scheduler": {
      "version": "0.23.0",
      "resolved": "https://registry.npmjs.org/scheduler/-/scheduler-0.23.0.tgz",
      "integrity": "sha512-CtuThmgHNg7zIZWAXi3AsyIzA3n4xx7aNyjwC2VJldO2LMVDhFK+63xGqq6CsJH4rTAt6/M+N4GhZiDYPx9eUw==",
      "dependencies": {
        "loose-envify": "^1.1.0"
      }
    },
    "node_modules/source-map-js": {
      "version": "1.0.2",
      "resolved": "https://registry.npmjs.org/source-map-js/-/source-map-js-1.0.2.tgz",
      "integrity": "sha512-R0XvVJ9WusLiqTCEiGCmICCMplcCkIwwR11mOSD9CR5u+IXYdiseeEuXCVAjS54zqwkLcPNnmU4OeJ6tUrWhDw==",
      "engines": {
        "node": ">=0.10.0"
      }
    },
    "node_modules/streamsearch": {
      "version": "1.1.0",
      "resolved": "https://registry.npmjs.org/streamsearch/-/streamsearch-1.1.0.tgz",
      "integrity": "sha512-Mcc5wHehp9aXz1ax6bZUyY5afg9u2rv5cqQI3mRrYkGC8rW2hM02jWuwjtL++LS5qinSyhj2QfLyNsuc+VsExg==",
      "engines": {
        "node": ">=10.0.0"
      }
    },
    "node_modules/styled-jsx": {
      "version": "5.1.1",
      "resolved": "https://registry.npmjs.org/styled-jsx/-/styled-jsx-5.1.1.tgz",
      "integrity": "sha512-pW7uC1l4mBZ8ugbiZrcIsiIvVx1UmTfw7UkC3Um2tmfUq9Bhk8IiyEIPl6F8agHgjzku6j0xQEZbfA5uSgSaCw==",
      "dependencies": {
        "client-only": "0.0.1"
      },
      "engines": {
        "node": ">= 12.0.0"
      },
      "peerDependencies": {
        "react": ">= 16.8.0 || 17.x.x || ^18.0.0-0"
      },
      "peerDependenciesMeta": {
        "@babel/core": {
          "optional": true
        },
        "babel-plugin-macros": {
          "optional": true
        }
      }
    },
    "node_modules/symbol-observable": {
      "version": "4.0.0",
      "resolved": "https://registry.npmjs.org/symbol-observable/-/symbol-observable-4.0.0.tgz",
      "integrity": "sha512-b19dMThMV4HVFynSAM1++gBHAbk2Tc/osgLIBZMKsyqh34jb2e8Os7T6ZW/Bt3pJFdBTd2JwAnAAEQV7rSNvcQ==",
      "engines": {
        "node": ">=0.10"
      }
    },
    "node_modules/ts-invariant": {
      "version": "0.10.3",
      "resolved": "https://registry.npmjs.org/ts-invariant/-/ts-invariant-0.10.3.tgz",
      "integrity": "sha512-uivwYcQaxAucv1CzRp2n/QdYPo4ILf9VXgH19zEIjFx2EJufV16P0JtJVpYHy89DItG6Kwj2oIUjrcK5au+4tQ==",
      "dependencies": {
        "tslib": "^2.1.0"
      },
      "engines": {
        "node": ">=8"
      }
    },
    "node_modules/tslib": {
      "version": "2.5.2",
      "resolved": "https://registry.npmjs.org/tslib/-/tslib-2.5.2.tgz",
      "integrity": "sha512-5svOrSA2w3iGFDs1HibEVBGbDrAY82bFQ3HZ3ixB+88nsbsWQoKqDRb5UBYAUPEzbBn6dAp5gRNXglySbx1MlA=="
    },
    "node_modules/typescript": {
      "version": "5.0.4",
      "resolved": "https://registry.npmjs.org/typescript/-/typescript-5.0.4.tgz",
      "integrity": "sha512-cW9T5W9xY37cc+jfEnaUvX91foxtHkza3Nw3wkoF4sSlKn0MONdkdEndig/qPBWXNkmplh3NzayQzCiHM4/hqw==",
      "bin": {
        "tsc": "bin/tsc",
        "tsserver": "bin/tsserver"
      },
      "engines": {
        "node": ">=12.20"
      }
    },
    "node_modules/zen-observable": {
      "version": "0.8.15",
      "resolved": "https://registry.npmjs.org/zen-observable/-/zen-observable-0.8.15.tgz",
      "integrity": "sha512-PQ2PC7R9rslx84ndNBZB/Dkv8V8fZEpk83RLgXtYd0fwUgEjseMn1Dgajh2x6S8QbZAFa9p2qVCEuYZNgve0dQ=="
    },
    "node_modules/zen-observable-ts": {
      "version": "1.2.5",
      "resolved": "https://registry.npmjs.org/zen-observable-ts/-/zen-observable-ts-1.2.5.tgz",
      "integrity": "sha512-QZWQekv6iB72Naeake9hS1KxHlotfRpe+WGNbNx5/ta+R3DNjVO2bswf63gXlWDcs+EMd7XY8HfVQyP1X6T4Zg==",
      "dependencies": {
        "zen-observable": "0.8.15"
      }
    },
    "node_modules/zod": {
      "version": "3.21.4",
      "resolved": "https://registry.npmjs.org/zod/-/zod-3.21.4.tgz",
      "integrity": "sha512-m46AKbrzKVzOzs/DZgVnG5H55N1sv1M8qZU3A8RIKbs3mrACDNeIOeilDymVb2HdmP8uwshOCF4uJ8uM9rCqJw==",
      "funding": {
        "url": "https://github.com/sponsors/colinhacks"
      }
    }
  }
}
